
Microsoft Visual Studio Solution File, Format Version 12.00
# Visual Studio Version 17
VisualStudioVersion = 17.13.35818.85 d17.13
MinimumVisualStudioVersion = 10.0.40219.1
Project("{8BC9CEB8-8B4A-11D0-8D11-00A0C91BC942}") = "p2p_dechat", "p2p_dechat\p2p_dechat.vcxproj", "{E0E42A72-60EC-44B1-BE06-8DB3A07CE3E3}"
EndProject
Global
	GlobalSection(SolutionConfigurationPlatforms) = preSolution
		Debug|x64 = Debug|x64
		Debug|x86 = Debug|x86
		Release|x64 = Release|x64
		Release|x86 = Release|x86
	EndGlobalSection
	GlobalSection(ProjectConfigurationPlatforms) = postSolution
		{E0E42A72-60EC-44B1-BE06-8DB3A07CE3E3}.Debug|x64.ActiveCfg = Debug|x64
		{E0E42A72-60EC-44B1-BE06-8DB3A07CE3E3}.Debug|x64.Build.0 = Debug|x64
		{E0E42A72-60EC-44B1-BE06-8DB3A07CE3E3}.Debug|x86.ActiveCfg = Debug|Win32
		{E0E42A72-60EC-44B1-BE06-8DB3A07CE3E3}.Debug|x86.Build.0 = Debug|Win32
		{E0E42A72-60EC-44B1-BE06-8DB3A07CE3E3}.Release|x64.ActiveCfg = Release|x64
		{E0E42A72-60EC-44B1-BE06-8DB3A07CE3E3}.Release|x64.Build.0 = Release|x64
		{E0E42A72-60EC-44B1-BE06-8DB3A07CE3E3}.Release|x86.ActiveCfg = Release|Win32
		{E0E42A72-60EC-44B1-BE06-8DB3A07CE3E3}.Release|x86.Build.0 = Release|Win32
	EndGlobalSection
	GlobalSection(SolutionProperties) = preSolution
		HideSolutionNode = FALSE
	EndGlobalSection
	GlobalSection(ExtensibilityGlobals) = postSolution
		SolutionGuid = {F68A4344-A993-4EAD-8D47-9FD5AA6A4E83}
	EndGlobalSection
EndGlobal
